
Microsoft Visual Studio Solution File, Format Version 12.00
# Visual Studio Version 17
VisualStudioVersion = 17.0.31903.59
MinimumVisualStudioVersion = 10.0.40219.1
Project("{2150E333-8FDC-42A3-9474-1A3956D46DE8}") = "src", "src", "{827E0CD3-B72D-47B6-A68D-7590B98EB39B}"
EndProject
Project("{FAE04EC0-301F-11D3-BF4B-00C04F79EFBC}") = "EplFantasy.SharedKernel", "src\EplFantasy.SharedKernel\EplFantasy.SharedKernel.csproj", "{E8B1DAC8-FA01-43A9-9C2D-39773E777830}"
EndProject
Project("{FAE04EC0-301F-11D3-BF4B-00C04F79EFBC}") = "EplFantasy.Identity", "src\EplFantasy.Identity\EplFantasy.Identity.csproj", "{50E845A8-754B-404C-94F3-60C109F64F1F}"
EndProject
Project("{FAE04EC0-301F-11D3-BF4B-00C04F79EFBC}") = "EplFantasy.Leagues", "src\EplFantasy.Leagues\EplFantasy.Leagues.csproj", "{A928CFC3-2379-4718-BBD4-8DB9012B393A}"
EndProject
Project("{FAE04EC0-301F-11D3-BF4B-00C04F79EFBC}") = "EplFantasy.FantasyTeams", "src\EplFantasy.FantasyTeams\EplFantasy.FantasyTeams.csproj", "{707D6033-9BF3-4CAC-A451-EC4C1D411A40}"
EndProject
Project("{FAE04EC0-301F-11D3-BF4B-00C04F79EFBC}") = "EplFantasy.PlayerData", "src\EplFantasy.PlayerData\EplFantasy.PlayerData.csproj", "{4FC9C449-0D96-429C-B39A-F5DF50693E71}"
EndProject
Project("{FAE04EC0-301F-11D3-BF4B-00C04F79EFBC}") = "EplFantasy.Drafts", "src\EplFantasy.Drafts\EplFantasy.Drafts.csproj", "{1A5E3AC1-7A65-4C30-BF92-8533B89D51A3}"
EndProject
Project("{FAE04EC0-301F-11D3-BF4B-00C04F79EFBC}") = "EplFantasy.Rosters", "src\EplFantasy.Rosters\EplFantasy.Rosters.csproj", "{D063467D-C156-4854-977A-2BDC7C6BFD0F}"
EndProject
Project("{FAE04EC0-301F-11D3-BF4B-00C04F79EFBC}") = "EplFantasy.Scoring", "src\EplFantasy.Scoring\EplFantasy.Scoring.csproj", "{BEEED921-847E-403C-8416-3D925F6517A2}"
EndProject
Project("{FAE04EC0-301F-11D3-BF4B-00C04F79EFBC}") = "EplFantasy.Competition", "src\EplFantasy.Competition\EplFantasy.Competition.csproj", "{EB8CC4FA-C154-4A93-9B54-5F3D4979FE9E}"
EndProject
Project("{FAE04EC0-301F-11D3-BF4B-00C04F79EFBC}") = "EplFantasy.Administration", "src\EplFantasy.Administration\EplFantasy.Administration.csproj", "{56460FE2-8EBB-4572-9157-E3C4F8CD1356}"
EndProject
Project("{FAE04EC0-301F-11D3-BF4B-00C04F79EFBC}") = "EplFantasy.Notifications", "src\EplFantasy.Notifications\EplFantasy.Notifications.csproj", "{68D9E24A-BD1F-4D52-A59E-0E3F1C4FDB7E}"
EndProject
Project("{FAE04EC0-301F-11D3-BF4B-00C04F79EFBC}") = "EplFantasy.Reporting", "src\EplFantasy.Reporting\EplFantasy.Reporting.csproj", "{F64CF5AF-8601-4E98-A189-7AD1463CE72E}"
EndProject
Project("{FAE04EC0-301F-11D3-BF4B-00C04F79EFBC}") = "EplFantasy.Infrastructure", "src\EplFantasy.Infrastructure\EplFantasy.Infrastructure.csproj", "{EC7ABCE4-93F8-4131-9755-315DC1E272F7}"
EndProject
Project("{FAE04EC0-301F-11D3-BF4B-00C04F79EFBC}") = "EplFantasy.Api", "src\EplFantasy.Api\EplFantasy.Api.csproj", "{74D84A50-ED0D-4E00-986B-A58E812FD676}"
EndProject
Project("{2150E333-8FDC-42A3-9474-1A3956D46DE8}") = "tests", "tests", "{0AB3BF05-4346-4AA6-1389-037BE0695223}"
EndProject
Project("{FAE04EC0-301F-11D3-BF4B-00C04F79EFBC}") = "EplFantasy.UnitTests", "tests\EplFantasy.UnitTests\EplFantasy.UnitTests.csproj", "{575288D6-CE71-402E-A1AE-2D9334F04A70}"
EndProject
Project("{FAE04EC0-301F-11D3-BF4B-00C04F79EFBC}") = "EplFantasy.IntegrationTests", "tests\EplFantasy.IntegrationTests\EplFantasy.IntegrationTests.csproj", "{0E6848DD-C42D-456F-80E4-6E6F4A0B2A2D}"
EndProject
Project("{FAE04EC0-301F-11D3-BF4B-00C04F79EFBC}") = "EplFantasy.ApiTests", "tests\EplFantasy.ApiTests\EplFantasy.ApiTests.csproj", "{0F79493A-7298-4FDF-9D58-EDC70A8DAACA}"
EndProject
Project("{FAE04EC0-301F-11D3-BF4B-00C04F79EFBC}") = "EplFantasy.TestSupport", "tests\EplFantasy.TestSupport\EplFantasy.TestSupport.csproj", "{D57F1BDE-4EF1-4991-89AF-72EC0AC1D810}"
EndProject
Global
	GlobalSection(SolutionConfigurationPlatforms) = preSolution
		Debug|Any CPU = Debug|Any CPU
		Debug|x64 = Debug|x64
		Debug|x86 = Debug|x86
		Release|Any CPU = Release|Any CPU
		Release|x64 = Release|x64
		Release|x86 = Release|x86
	EndGlobalSection
	GlobalSection(ProjectConfigurationPlatforms) = postSolution
		{E8B1DAC8-FA01-43A9-9C2D-39773E777830}.Debug|Any CPU.ActiveCfg = Debug|Any CPU
		{E8B1DAC8-FA01-43A9-9C2D-39773E777830}.Debug|Any CPU.Build.0 = Debug|Any CPU
		{E8B1DAC8-FA01-43A9-9C2D-39773E777830}.Debug|x64.ActiveCfg = Debug|Any CPU
		{E8B1DAC8-FA01-43A9-9C2D-39773E777830}.Debug|x64.Build.0 = Debug|Any CPU
		{E8B1DAC8-FA01-43A9-9C2D-39773E777830}.Debug|x86.ActiveCfg = Debug|Any CPU
		{E8B1DAC8-FA01-43A9-9C2D-39773E777830}.Debug|x86.Build.0 = Debug|Any CPU
		{E8B1DAC8-FA01-43A9-9C2D-39773E777830}.Release|Any CPU.ActiveCfg = Release|Any CPU
		{E8B1DAC8-FA01-43A9-9C2D-39773E777830}.Release|Any CPU.Build.0 = Release|Any CPU
		{E8B1DAC8-FA01-43A9-9C2D-39773E777830}.Release|x64.ActiveCfg = Release|Any CPU
		{E8B1DAC8-FA01-43A9-9C2D-39773E777830}.Release|x64.Build.0 = Release|Any CPU
		{E8B1DAC8-FA01-43A9-9C2D-39773E777830}.Release|x86.ActiveCfg = Release|Any CPU
		{E8B1DAC8-FA01-43A9-9C2D-39773E777830}.Release|x86.Build.0 = Release|Any CPU
		{50E845A8-754B-404C-94F3-60C109F64F1F}.Debug|Any CPU.ActiveCfg = Debug|Any CPU
		{50E845A8-754B-404C-94F3-60C109F64F1F}.Debug|Any CPU.Build.0 = Debug|Any CPU
		{50E845A8-754B-404C-94F3-60C109F64F1F}.Debug|x64.ActiveCfg = Debug|Any CPU
		{50E845A8-754B-404C-94F3-60C109F64F1F}.Debug|x64.Build.0 = Debug|Any CPU
		{50E845A8-754B-404C-94F3-60C109F64F1F}.Debug|x86.ActiveCfg = Debug|Any CPU
		{50E845A8-754B-404C-94F3-60C109F64F1F}.Debug|x86.Build.0 = Debug|Any CPU
		{50E845A8-754B-404C-94F3-60C109F64F1F}.Release|Any CPU.ActiveCfg = Release|Any CPU
		{50E845A8-754B-404C-94F3-60C109F64F1F}.Release|Any CPU.Build.0 = Release|Any CPU
		{50E845A8-754B-404C-94F3-60C109F64F1F}.Release|x64.ActiveCfg = Release|Any CPU
		{50E845A8-754B-404C-94F3-60C109F64F1F}.Release|x64.Build.0 = Release|Any CPU
		{50E845A8-754B-404C-94F3-60C109F64F1F}.Release|x86.ActiveCfg = Release|Any CPU
		{50E845A8-754B-404C-94F3-60C109F64F1F}.Release|x86.Build.0 = Release|Any CPU
		{A928CFC3-2379-4718-BBD4-8DB9012B393A}.Debug|Any CPU.ActiveCfg = Debug|Any CPU
		{A928CFC3-2379-4718-BBD4-8DB9012B393A}.Debug|Any CPU.Build.0 = Debug|Any CPU
		{A928CFC3-2379-4718-BBD4-8DB9012B393A}.Debug|x64.ActiveCfg = Debug|Any CPU
		{A928CFC3-2379-4718-BBD4-8DB9012B393A}.Debug|x64.Build.0 = Debug|Any CPU
		{A928CFC3-2379-4718-BBD4-8DB9012B393A}.Debug|x86.ActiveCfg = Debug|Any CPU
		{A928CFC3-2379-4718-BBD4-8DB9012B393A}.Debug|x86.Build.0 = Debug|Any CPU
		{A928CFC3-2379-4718-BBD4-8DB9012B393A}.Release|Any CPU.ActiveCfg = Release|Any CPU
		{A928CFC3-2379-4718-BBD4-8DB9012B393A}.Release|Any CPU.Build.0 = Release|Any CPU
		{A928CFC3-2379-4718-BBD4-8DB9012B393A}.Release|x64.ActiveCfg = Release|Any CPU
		{A928CFC3-2379-4718-BBD4-8DB9012B393A}.Release|x64.Build.0 = Release|Any CPU
		{A928CFC3-2379-4718-BBD4-8DB9012B393A}.Release|x86.ActiveCfg = Release|Any CPU
		{A928CFC3-2379-4718-BBD4-8DB9012B393A}.Release|x86.Build.0 = Release|Any CPU
		{707D6033-9BF3-4CAC-A451-EC4C1D411A40}.Debug|Any CPU.ActiveCfg = Debug|Any CPU
		{707D6033-9BF3-4CAC-A451-EC4C1D411A40}.Debug|Any CPU.Build.0 = Debug|Any CPU
		{707D6033-9BF3-4CAC-A451-EC4C1D411A40}.Debug|x64.ActiveCfg = Debug|Any CPU
		{707D6033-9BF3-4CAC-A451-EC4C1D411A40}.Debug|x64.Build.0 = Debug|Any CPU
		{707D6033-9BF3-4CAC-A451-EC4C1D411A40}.Debug|x86.ActiveCfg = Debug|Any CPU
		{707D6033-9BF3-4CAC-A451-EC4C1D411A40}.Debug|x86.Build.0 = Debug|Any CPU
		{707D6033-9BF3-4CAC-A451-EC4C1D411A40}.Release|Any CPU.ActiveCfg = Release|Any CPU
		{707D6033-9BF3-4CAC-A451-EC4C1D411A40}.Release|Any CPU.Build.0 = Release|Any CPU
		{707D6033-9BF3-4CAC-A451-EC4C1D411A40}.Release|x64.ActiveCfg = Release|Any CPU
		{707D6033-9BF3-4CAC-A451-EC4C1D411A40}.Release|x64.Build.0 = Release|Any CPU
		{707D6033-9BF3-4CAC-A451-EC4C1D411A40}.Release|x86.ActiveCfg = Release|Any CPU
		{707D6033-9BF3-4CAC-A451-EC4C1D411A40}.Release|x86.Build.0 = Release|Any CPU
		{4FC9C449-0D96-429C-B39A-F5DF50693E71}.Debug|Any CPU.ActiveCfg = Debug|Any CPU
		{4FC9C449-0D96-429C-B39A-F5DF50693E71}.Debug|Any CPU.Build.0 = Debug|Any CPU
		{4FC9C449-0D96-429C-B39A-F5DF50693E71}.Debug|x64.ActiveCfg = Debug|Any CPU
		{4FC9C449-0D96-429C-B39A-F5DF50693E71}.Debug|x64.Build.0 = Debug|Any CPU
		{4FC9C449-0D96-429C-B39A-F5DF50693E71}.Debug|x86.ActiveCfg = Debug|Any CPU
		{4FC9C449-0D96-429C-B39A-F5DF50693E71}.Debug|x86.Build.0 = Debug|Any CPU
		{4FC9C449-0D96-429C-B39A-F5DF50693E71}.Release|Any CPU.ActiveCfg = Release|Any CPU
		{4FC9C449-0D96-429C-B39A-F5DF50693E71}.Release|Any CPU.Build.0 = Release|Any CPU
		{4FC9C449-0D96-429C-B39A-F5DF50693E71}.Release|x64.ActiveCfg = Release|Any CPU
		{4FC9C449-0D96-429C-B39A-F5DF50693E71}.Release|x64.Build.0 = Release|Any CPU
		{4FC9C449-0D96-429C-B39A-F5DF50693E71}.Release|x86.ActiveCfg = Release|Any CPU
		{4FC9C449-0D96-429C-B39A-F5DF50693E71}.Release|x86.Build.0 = Release|Any CPU
		{1A5E3AC1-7A65-4C30-BF92-8533B89D51A3}.Debug|Any CPU.ActiveCfg = Debug|Any CPU
		{1A5E3AC1-7A65-4C30-BF92-8533B89D51A3}.Debug|Any CPU.Build.0 = Debug|Any CPU
		{1A5E3AC1-7A65-4C30-BF92-8533B89D51A3}.Debug|x64.ActiveCfg = Debug|Any CPU
		{1A5E3AC1-7A65-4C30-BF92-8533B89D51A3}.Debug|x64.Build.0 = Debug|Any CPU
		{1A5E3AC1-7A65-4C30-BF92-8533B89D51A3}.Debug|x86.ActiveCfg = Debug|Any CPU
		{1A5E3AC1-7A65-4C30-BF92-8533B89D51A3}.Debug|x86.Build.0 = Debug|Any CPU
		{1A5E3AC1-7A65-4C30-BF92-8533B89D51A3}.Release|Any CPU.ActiveCfg = Release|Any CPU
		{1A5E3AC1-7A65-4C30-BF92-8533B89D51A3}.Release|Any CPU.Build.0 = Release|Any CPU
		{1A5E3AC1-7A65-4C30-BF92-8533B89D51A3}.Release|x64.ActiveCfg = Release|Any CPU
		{1A5E3AC1-7A65-4C30-BF92-8533B89D51A3}.Release|x64.Build.0 = Release|Any CPU
		{1A5E3AC1-7A65-4C30-BF92-8533B89D51A3}.Release|x86.ActiveCfg = Release|Any CPU
		{1A5E3AC1-7A65-4C30-BF92-8533B89D51A3}.Release|x86.Build.0 = Release|Any CPU
		{D063467D-C156-4854-977A-2BDC7C6BFD0F}.Debug|Any CPU.ActiveCfg = Debug|Any CPU
		{D063467D-C156-4854-977A-2BDC7C6BFD0F}.Debug|Any CPU.Build.0 = Debug|Any CPU
		{D063467D-C156-4854-977A-2BDC7C6BFD0F}.Debug|x64.ActiveCfg = Debug|Any CPU
		{D063467D-C156-4854-977A-2BDC7C6BFD0F}.Debug|x64.Build.0 = Debug|Any CPU
		{D063467D-C156-4854-977A-2BDC7C6BFD0F}.Debug|x86.ActiveCfg = Debug|Any CPU
		{D063467D-C156-4854-977A-2BDC7C6BFD0F}.Debug|x86.Build.0 = Debug|Any CPU
		{D063467D-C156-4854-977A-2BDC7C6BFD0F}.Release|Any CPU.ActiveCfg = Release|Any CPU
		{D063467D-C156-4854-977A-2BDC7C6BFD0F}.Release|Any CPU.Build.0 = Release|Any CPU
		{D063467D-C156-4854-977A-2BDC7C6BFD0F}.Release|x64.ActiveCfg = Release|Any CPU
		{D063467D-C156-4854-977A-2BDC7C6BFD0F}.Release|x64.Build.0 = Release|Any CPU
		{D063467D-C156-4854-977A-2BDC7C6BFD0F}.Release|x86.ActiveCfg = Release|Any CPU
		{D063467D-C156-4854-977A-2BDC7C6BFD0F}.Release|x86.Build.0 = Release|Any CPU
		{BEEED921-847E-403C-8416-3D925F6517A2}.Debug|Any CPU.ActiveCfg = Debug|Any CPU
		{BEEED921-847E-403C-8416-3D925F6517A2}.Debug|Any CPU.Build.0 = Debug|Any CPU
		{BEEED921-847E-403C-8416-3D925F6517A2}.Debug|x64.ActiveCfg = Debug|Any CPU
		{BEEED921-847E-403C-8416-3D925F6517A2}.Debug|x64.Build.0 = Debug|Any CPU
		{BEEED921-847E-403C-8416-3D925F6517A2}.Debug|x86.ActiveCfg = Debug|Any CPU
		{BEEED921-847E-403C-8416-3D925F6517A2}.Debug|x86.Build.0 = Debug|Any CPU
		{BEEED921-847E-403C-8416-3D925F6517A2}.Release|Any CPU.ActiveCfg = Release|Any CPU
		{BEEED921-847E-403C-8416-3D925F6517A2}.Release|Any CPU.Build.0 = Release|Any CPU
		{BEEED921-847E-403C-8416-3D925F6517A2}.Release|x64.ActiveCfg = Release|Any CPU
		{BEEED921-847E-403C-8416-3D925F6517A2}.Release|x64.Build.0 = Release|Any CPU
		{BEEED921-847E-403C-8416-3D925F6517A2}.Release|x86.ActiveCfg = Release|Any CPU
		{BEEED921-847E-403C-8416-3D925F6517A2}.Release|x86.Build.0 = Release|Any CPU
		{EB8CC4FA-C154-4A93-9B54-5F3D4979FE9E}.Debug|Any CPU.ActiveCfg = Debug|Any CPU
		{EB8CC4FA-C154-4A93-9B54-5F3D4979FE9E}.Debug|Any CPU.Build.0 = Debug|Any CPU
		{EB8CC4FA-C154-4A93-9B54-5F3D4979FE9E}.Debug|x64.ActiveCfg = Debug|Any CPU
		{EB8CC4FA-C154-4A93-9B54-5F3D4979FE9E}.Debug|x64.Build.0 = Debug|Any CPU
		{EB8CC4FA-C154-4A93-9B54-5F3D4979FE9E}.Debug|x86.ActiveCfg = Debug|Any CPU
		{EB8CC4FA-C154-4A93-9B54-5F3D4979FE9E}.Debug|x86.Build.0 = Debug|Any CPU
		{EB8CC4FA-C154-4A93-9B54-5F3D4979FE9E}.Release|Any CPU.ActiveCfg = Release|Any CPU
		{EB8CC4FA-C154-4A93-9B54-5F3D4979FE9E}.Release|Any CPU.Build.0 = Release|Any CPU
		{EB8CC4FA-C154-4A93-9B54-5F3D4979FE9E}.Release|x64.ActiveCfg = Release|Any CPU
		{EB8CC4FA-C154-4A93-9B54-5F3D4979FE9E}.Release|x64.Build.0 = Release|Any CPU
		{EB8CC4FA-C154-4A93-9B54-5F3D4979FE9E}.Release|x86.ActiveCfg = Release|Any CPU
		{EB8CC4FA-C154-4A93-9B54-5F3D4979FE9E}.Release|x86.Build.0 = Release|Any CPU
		{56460FE2-8EBB-4572-9157-E3C4F8CD1356}.Debug|Any CPU.ActiveCfg = Debug|Any CPU
		{56460FE2-8EBB-4572-9157-E3C4F8CD1356}.Debug|Any CPU.Build.0 = Debug|Any CPU
		{56460FE2-8EBB-4572-9157-E3C4F8CD1356}.Debug|x64.ActiveCfg = Debug|Any CPU
		{56460FE2-8EBB-4572-9157-E3C4F8CD1356}.Debug|x64.Build.0 = Debug|Any CPU
		{56460FE2-8EBB-4572-9157-E3C4F8CD1356}.Debug|x86.ActiveCfg = Debug|Any CPU
		{56460FE2-8EBB-4572-9157-E3C4F8CD1356}.Debug|x86.Build.0 = Debug|Any CPU
		{56460FE2-8EBB-4572-9157-E3C4F8CD1356}.Release|Any CPU.ActiveCfg = Release|Any CPU
		{56460FE2-8EBB-4572-9157-E3C4F8CD1356}.Release|Any CPU.Build.0 = Release|Any CPU
		{56460FE2-8EBB-4572-9157-E3C4F8CD1356}.Release|x64.ActiveCfg = Release|Any CPU
		{56460FE2-8EBB-4572-9157-E3C4F8CD1356}.Release|x64.Build.0 = Release|Any CPU
		{56460FE2-8EBB-4572-9157-E3C4F8CD1356}.Release|x86.ActiveCfg = Release|Any CPU
		{56460FE2-8EBB-4572-9157-E3C4F8CD1356}.Release|x86.Build.0 = Release|Any CPU
		{68D9E24A-BD1F-4D52-A59E-0E3F1C4FDB7E}.Debug|Any CPU.ActiveCfg = Debug|Any CPU
		{68D9E24A-BD1F-4D52-A59E-0E3F1C4FDB7E}.Debug|Any CPU.Build.0 = Debug|Any CPU
		{68D9E24A-BD1F-4D52-A59E-0E3F1C4FDB7E}.Debug|x64.ActiveCfg = Debug|Any CPU
		{68D9E24A-BD1F-4D52-A59E-0E3F1C4FDB7E}.Debug|x64.Build.0 = Debug|Any CPU
		{68D9E24A-BD1F-4D52-A59E-0E3F1C4FDB7E}.Debug|x86.ActiveCfg = Debug|Any CPU
		{68D9E24A-BD1F-4D52-A59E-0E3F1C4FDB7E}.Debug|x86.Build.0 = Debug|Any CPU
		{68D9E24A-BD1F-4D52-A59E-0E3F1C4FDB7E}.Release|Any CPU.ActiveCfg = Release|Any CPU
		{68D9E24A-BD1F-4D52-A59E-0E3F1C4FDB7E}.Release|Any CPU.Build.0 = Release|Any CPU
		{68D9E24A-BD1F-4D52-A59E-0E3F1C4FDB7E}.Release|x64.ActiveCfg = Release|Any CPU
		{68D9E24A-BD1F-4D52-A59E-0E3F1C4FDB7E}.Release|x64.Build.0 = Release|Any CPU
		{68D9E24A-BD1F-4D52-A59E-0E3F1C4FDB7E}.Release|x86.ActiveCfg = Release|Any CPU
		{68D9E24A-BD1F-4D52-A59E-0E3F1C4FDB7E}.Release|x86.Build.0 = Release|Any CPU
		{F64CF5AF-8601-4E98-A189-7AD1463CE72E}.Debug|Any CPU.ActiveCfg = Debug|Any CPU
		{F64CF5AF-8601-4E98-A189-7AD1463CE72E}.Debug|Any CPU.Build.0 = Debug|Any CPU
		{F64CF5AF-8601-4E98-A189-7AD1463CE72E}.Debug|x64.ActiveCfg = Debug|Any CPU
		{F64CF5AF-8601-4E98-A189-7AD1463CE72E}.Debug|x64.Build.0 = Debug|Any CPU
		{F64CF5AF-8601-4E98-A189-7AD1463CE72E}.Debug|x86.ActiveCfg = Debug|Any CPU
		{F64CF5AF-8601-4E98-A189-7AD1463CE72E}.Debug|x86.Build.0 = Debug|Any CPU
		{F64CF5AF-8601-4E98-A189-7AD1463CE72E}.Release|Any CPU.ActiveCfg = Release|Any CPU
		{F64CF5AF-8601-4E98-A189-7AD1463CE72E}.Release|Any CPU.Build.0 = Release|Any CPU
		{F64CF5AF-8601-4E98-A189-7AD1463CE72E}.Release|x64.ActiveCfg = Release|Any CPU
		{F64CF5AF-8601-4E98-A189-7AD1463CE72E}.Release|x64.Build.0 = Release|Any CPU
		{F64CF5AF-8601-4E98-A189-7AD1463CE72E}.Release|x86.ActiveCfg = Release|Any CPU
		{F64CF5AF-8601-4E98-A189-7AD1463CE72E}.Release|x86.Build.0 = Release|Any CPU
		{EC7ABCE4-93F8-4131-9755-315DC1E272F7}.Debug|Any CPU.ActiveCfg = Debug|Any CPU
		{EC7ABCE4-93F8-4131-9755-315DC1E272F7}.Debug|Any CPU.Build.0 = Debug|Any CPU
		{EC7ABCE4-93F8-4131-9755-315DC1E272F7}.Debug|x64.ActiveCfg = Debug|Any CPU
		{EC7ABCE4-93F8-4131-9755-315DC1E272F7}.Debug|x64.Build.0 = Debug|Any CPU
		{EC7ABCE4-93F8-4131-9755-315DC1E272F7}.Debug|x86.ActiveCfg = Debug|Any CPU
		{EC7ABCE4-93F8-4131-9755-315DC1E272F7}.Debug|x86.Build.0 = Debug|Any CPU
		{EC7ABCE4-93F8-4131-9755-315DC1E272F7}.Release|Any CPU.ActiveCfg = Release|Any CPU
		{EC7ABCE4-93F8-4131-9755-315DC1E272F7}.Release|Any CPU.Build.0 = Release|Any CPU
		{EC7ABCE4-93F8-4131-9755-315DC1E272F7}.Release|x64.ActiveCfg = Release|Any CPU
		{EC7ABCE4-93F8-4131-9755-315DC1E272F7}.Release|x64.Build.0 = Release|Any CPU
		{EC7ABCE4-93F8-4131-9755-315DC1E272F7}.Release|x86.ActiveCfg = Release|Any CPU
		{EC7ABCE4-93F8-4131-9755-315DC1E272F7}.Release|x86.Build.0 = Release|Any CPU
		{74D84A50-ED0D-4E00-986B-A58E812FD676}.Debug|Any CPU.ActiveCfg = Debug|Any CPU
		{74D84A50-ED0D-4E00-986B-A58E812FD676}.Debug|Any CPU.Build.0 = Debug|Any CPU
		{74D84A50-ED0D-4E00-986B-A58E812FD676}.Debug|x64.ActiveCfg = Debug|Any CPU
		{74D84A50-ED0D-4E00-986B-A58E812FD676}.Debug|x64.Build.0 = Debug|Any CPU
		{74D84A50-ED0D-4E00-986B-A58E812FD676}.Debug|x86.ActiveCfg = Debug|Any CPU
		{74D84A50-ED0D-4E00-986B-A58E812FD676}.Debug|x86.Build.0 = Debug|Any CPU
		{74D84A50-ED0D-4E00-986B-A58E812FD676}.Release|Any CPU.ActiveCfg = Release|Any CPU
		{74D84A50-ED0D-4E00-986B-A58E812FD676}.Release|Any CPU.Build.0 = Release|Any CPU
		{74D84A50-ED0D-4E00-986B-A58E812FD676}.Release|x64.ActiveCfg = Release|Any CPU
		{74D84A50-ED0D-4E00-986B-A58E812FD676}.Release|x64.Build.0 = Release|Any CPU
		{74D84A50-ED0D-4E00-986B-A58E812FD676}.Release|x86.ActiveCfg = Release|Any CPU
		{74D84A50-ED0D-4E00-986B-A58E812FD676}.Release|x86.Build.0 = Release|Any CPU
		{575288D6-CE71-402E-A1AE-2D9334F04A70}.Debug|Any CPU.ActiveCfg = Debug|Any CPU
		{575288D6-CE71-402E-A1AE-2D9334F04A70}.Debug|Any CPU.Build.0 = Debug|Any CPU
		{575288D6-CE71-402E-A1AE-2D9334F04A70}.Debug|x64.ActiveCfg = Debug|Any CPU
		{575288D6-CE71-402E-A1AE-2D9334F04A70}.Debug|x64.Build.0 = Debug|Any CPU
		{575288D6-CE71-402E-A1AE-2D9334F04A70}.Debug|x86.ActiveCfg = Debug|Any CPU
		{575288D6-CE71-402E-A1AE-2D9334F04A70}.Debug|x86.Build.0 = Debug|Any CPU
		{575288D6-CE71-402E-A1AE-2D9334F04A70}.Release|Any CPU.ActiveCfg = Release|Any CPU
		{575288D6-CE71-402E-A1AE-2D9334F04A70}.Release|Any CPU.Build.0 = Release|Any CPU
		{575288D6-CE71-402E-A1AE-2D9334F04A70}.Release|x64.ActiveCfg = Release|Any CPU
		{575288D6-CE71-402E-A1AE-2D9334F04A70}.Release|x64.Build.0 = Release|Any CPU
		{575288D6-CE71-402E-A1AE-2D9334F04A70}.Release|x86.ActiveCfg = Release|Any CPU
		{575288D6-CE71-402E-A1AE-2D9334F04A70}.Release|x86.Build.0 = Release|Any CPU
		{0E6848DD-C42D-456F-80E4-6E6F4A0B2A2D}.Debug|Any CPU.ActiveCfg = Debug|Any CPU
		{0E6848DD-C42D-456F-80E4-6E6F4A0B2A2D}.Debug|Any CPU.Build.0 = Debug|Any CPU
		{0E6848DD-C42D-456F-80E4-6E6F4A0B2A2D}.Debug|x64.ActiveCfg = Debug|Any CPU
		{0E6848DD-C42D-456F-80E4-6E6F4A0B2A2D}.Debug|x64.Build.0 = Debug|Any CPU
		{0E6848DD-C42D-456F-80E4-6E6F4A0B2A2D}.Debug|x86.ActiveCfg = Debug|Any CPU
		{0E6848DD-C42D-456F-80E4-6E6F4A0B2A2D}.Debug|x86.Build.0 = Debug|Any CPU
		{0E6848DD-C42D-456F-80E4-6E6F4A0B2A2D}.Release|Any CPU.ActiveCfg = Release|Any CPU
		{0E6848DD-C42D-456F-80E4-6E6F4A0B2A2D}.Release|Any CPU.Build.0 = Release|Any CPU
		{0E6848DD-C42D-456F-80E4-6E6F4A0B2A2D}.Release|x64.ActiveCfg = Release|Any CPU
		{0E6848DD-C42D-456F-80E4-6E6F4A0B2A2D}.Release|x64.Build.0 = Release|Any CPU
		{0E6848DD-C42D-456F-80E4-6E6F4A0B2A2D}.Release|x86.ActiveCfg = Release|Any CPU
		{0E6848DD-C42D-456F-80E4-6E6F4A0B2A2D}.Release|x86.Build.0 = Release|Any CPU
		{0F79493A-7298-4FDF-9D58-EDC70A8DAACA}.Debug|Any CPU.ActiveCfg = Debug|Any CPU
		{0F79493A-7298-4FDF-9D58-EDC70A8DAACA}.Debug|Any CPU.Build.0 = Debug|Any CPU
		{0F79493A-7298-4FDF-9D58-EDC70A8DAACA}.Debug|x64.ActiveCfg = Debug|Any CPU
		{0F79493A-7298-4FDF-9D58-EDC70A8DAACA}.Debug|x64.Build.0 = Debug|Any CPU
		{0F79493A-7298-4FDF-9D58-EDC70A8DAACA}.Debug|x86.ActiveCfg = Debug|Any CPU
		{0F79493A-7298-4FDF-9D58-EDC70A8DAACA}.Debug|x86.Build.0 = Debug|Any CPU
		{0F79493A-7298-4FDF-9D58-EDC70A8DAACA}.Release|Any CPU.ActiveCfg = Release|Any CPU
		{0F79493A-7298-4FDF-9D58-EDC70A8DAACA}.Release|Any CPU.Build.0 = Release|Any CPU
		{0F79493A-7298-4FDF-9D58-EDC70A8DAACA}.Release|x64.ActiveCfg = Release|Any CPU
		{0F79493A-7298-4FDF-9D58-EDC70A8DAACA}.Release|x64.Build.0 = Release|Any CPU
		{0F79493A-7298-4FDF-9D58-EDC70A8DAACA}.Release|x86.ActiveCfg = Release|Any CPU
		{0F79493A-7298-4FDF-9D58-EDC70A8DAACA}.Release|x86.Build.0 = Release|Any CPU
		{D57F1BDE-4EF1-4991-89AF-72EC0AC1D810}.Debug|Any CPU.ActiveCfg = Debug|Any CPU
		{D57F1BDE-4EF1-4991-89AF-72EC0AC1D810}.Debug|Any CPU.Build.0 = Debug|Any CPU
		{D57F1BDE-4EF1-4991-89AF-72EC0AC1D810}.Debug|x64.ActiveCfg = Debug|Any CPU
		{D57F1BDE-4EF1-4991-89AF-72EC0AC1D810}.Debug|x64.Build.0 = Debug|Any CPU
		{D57F1BDE-4EF1-4991-89AF-72EC0AC1D810}.Debug|x86.ActiveCfg = Debug|Any CPU
		{D57F1BDE-4EF1-4991-89AF-72EC0AC1D810}.Debug|x86.Build.0 = Debug|Any CPU
		{D57F1BDE-4EF1-4991-89AF-72EC0AC1D810}.Release|Any CPU.ActiveCfg = Release|Any CPU
		{D57F1BDE-4EF1-4991-89AF-72EC0AC1D810}.Release|Any CPU.Build.0 = Release|Any CPU
		{D57F1BDE-4EF1-4991-89AF-72EC0AC1D810}.Release|x64.ActiveCfg = Release|Any CPU
		{D57F1BDE-4EF1-4991-89AF-72EC0AC1D810}.Release|x64.Build.0 = Release|Any CPU
		{D57F1BDE-4EF1-4991-89AF-72EC0AC1D810}.Release|x86.ActiveCfg = Release|Any CPU
		{D57F1BDE-4EF1-4991-89AF-72EC0AC1D810}.Release|x86.Build.0 = Release|Any CPU
	EndGlobalSection
	GlobalSection(SolutionProperties) = preSolution
		HideSolutionNode = FALSE
	EndGlobalSection
	GlobalSection(NestedProjects) = preSolution
		{E8B1DAC8-FA01-43A9-9C2D-39773E777830} = {827E0CD3-B72D-47B6-A68D-7590B98EB39B}
		{50E845A8-754B-404C-94F3-60C109F64F1F} = {827E0CD3-B72D-47B6-A68D-7590B98EB39B}
		{A928CFC3-2379-4718-BBD4-8DB9012B393A} = {827E0CD3-B72D-47B6-A68D-7590B98EB39B}
		{707D6033-9BF3-4CAC-A451-EC4C1D411A40} = {827E0CD3-B72D-47B6-A68D-7590B98EB39B}
		{4FC9C449-0D96-429C-B39A-F5DF50693E71} = {827E0CD3-B72D-47B6-A68D-7590B98EB39B}
		{1A5E3AC1-7A65-4C30-BF92-8533B89D51A3} = {827E0CD3-B72D-47B6-A68D-7590B98EB39B}
		{D063467D-C156-4854-977A-2BDC7C6BFD0F} = {827E0CD3-B72D-47B6-A68D-7590B98EB39B}
		{BEEED921-847E-403C-8416-3D925F6517A2} = {827E0CD3-B72D-47B6-A68D-7590B98EB39B}
		{EB8CC4FA-C154-4A93-9B54-5F3D4979FE9E} = {827E0CD3-B72D-47B6-A68D-7590B98EB39B}
		{56460FE2-8EBB-4572-9157-E3C4F8CD1356} = {827E0CD3-B72D-47B6-A68D-7590B98EB39B}
		{68D9E24A-BD1F-4D52-A59E-0E3F1C4FDB7E} = {827E0CD3-B72D-47B6-A68D-7590B98EB39B}
		{F64CF5AF-8601-4E98-A189-7AD1463CE72E} = {827E0CD3-B72D-47B6-A68D-7590B98EB39B}
		{EC7ABCE4-93F8-4131-9755-315DC1E272F7} = {827E0CD3-B72D-47B6-A68D-7590B98EB39B}
		{74D84A50-ED0D-4E00-986B-A58E812FD676} = {827E0CD3-B72D-47B6-A68D-7590B98EB39B}
		{575288D6-CE71-402E-A1AE-2D9334F04A70} = {0AB3BF05-4346-4AA6-1389-037BE0695223}
		{0E6848DD-C42D-456F-80E4-6E6F4A0B2A2D} = {0AB3BF05-4346-4AA6-1389-037BE0695223}
		{0F79493A-7298-4FDF-9D58-EDC70A8DAACA} = {0AB3BF05-4346-4AA6-1389-037BE0695223}
		{D57F1BDE-4EF1-4991-89AF-72EC0AC1D810} = {0AB3BF05-4346-4AA6-1389-037BE0695223}
	EndGlobalSection
EndGlobal
